
Microsoft Visual Studio Solution File, Format Version 12.00
# Visual Studio Version 16
VisualStudioVersion = 16.0.31624.102
MinimumVisualStudioVersion = 10.0.40219.1
Project("{9A19103F-16F7-4668-BE54-9A1E7A4F7556}") = "Server", "ConsoleTTT\Server.csproj", "{C838BA71-E096-40B3-ADFA-569E53691DFD}"
EndProject
Project("{9A19103F-16F7-4668-BE54-9A1E7A4F7556}") = "Client", "Client\Client.csproj", "{98CE8F66-5045-48A1-86BC-8744AA21FF21}"
EndProject
Project("{FAE04EC0-301F-11D3-BF4B-00C04F79EFBC}") = "TTTLogic", "TTTLogic\TTTLogic.csproj", "{5EC17E2C-FAE3-44CB-ABA8-B88E103D1A73}"
EndProject
Global
	GlobalSection(SolutionConfigurationPlatforms) = preSolution
		Debug|Any CPU = Debug|Any CPU
		Release|Any CPU = Release|Any CPU
	EndGlobalSection
	GlobalSection(ProjectConfigurationPlatforms) = postSolution
		{C838BA71-E096-40B3-ADFA-569E53691DFD}.Debug|Any CPU.ActiveCfg = Debug|Any CPU
		{C838BA71-E096-40B3-ADFA-569E53691DFD}.Debug|Any CPU.Build.0 = Debug|Any CPU
		{C838BA71-E096-40B3-ADFA-569E53691DFD}.Release|Any CPU.ActiveCfg = Release|Any CPU
		{C838BA71-E096-40B3-ADFA-569E53691DFD}.Release|Any CPU.Build.0 = Release|Any CPU
		{98CE8F66-5045-48A1-86BC-8744AA21FF21}.Debug|Any CPU.ActiveCfg = Debug|Any CPU
		{98CE8F66-5045-48A1-86BC-8744AA21FF21}.Debug|Any CPU.Build.0 = Debug|Any CPU
		{98CE8F66-5045-48A1-86BC-8744AA21FF21}.Release|Any CPU.ActiveCfg = Release|Any CPU
		{98CE8F66-5045-48A1-86BC-8744AA21FF21}.Release|Any CPU.Build.0 = Release|Any CPU
		{5EC17E2C-FAE3-44CB-ABA8-B88E103D1A73}.Debug|Any CPU.ActiveCfg = Debug|Any CPU
		{5EC17E2C-FAE3-44CB-ABA8-B88E103D1A73}.Debug|Any CPU.Build.0 = Debug|Any CPU
		{5EC17E2C-FAE3-44CB-ABA8-B88E103D1A73}.Release|Any CPU.ActiveCfg = Release|Any CPU
		{5EC17E2C-FAE3-44CB-ABA8-B88E103D1A73}.Release|Any CPU.Build.0 = Release|Any CPU
	EndGlobalSection
	GlobalSection(SolutionProperties) = preSolution
		HideSolutionNode = FALSE
	EndGlobalSection
	GlobalSection(ExtensibilityGlobals) = postSolution
		SolutionGuid = {1D3C43D8-4F0E-4BFF-B75F-5423CA3AA8B8}
	EndGlobalSection
EndGlobal
